// !$*UTF8*$!
{
	archiveVersion = 1;
	classes = {
	};
	objectVersion = 50;
	objects = {

/* Begin PBXBuildFile section */
		7A2C4812235A2B86005BA31D /* AppDelegate.swift in Sources */ = {isa = PBXBuildFile; fileRef = 7A2C4811235A2B86005BA31D /* AppDelegate.swift */; };
		7A2C4814235A2B86005BA31D /* SceneDelegate.swift in Sources */ = {isa = PBXBuildFile; fileRef = 7A2C4813235A2B86005BA31D /* SceneDelegate.swift */; };
		7A2C4816235A2B86005BA31D /* ViewController.swift in Sources */ = {isa = PBXBuildFile; fileRef = 7A2C4815235A2B86005BA31D /* ViewController.swift */; };
		7A2C4819235A2B86005BA31D /* Main.storyboard in Resources */ = {isa = PBXBuildFile; fileRef = 7A2C4817235A2B86005BA31D /* Main.storyboard */; };
		7A2C481B235A2B87005BA31D /* Assets.xcassets in Resources */ = {isa = PBXBuildFile; fileRef = 7A2C481A235A2B87005BA31D /* Assets.xcassets */; };
		7A2C481E235A2B87005BA31D /* LaunchScreen.storyboard in Resources */ = {isa = PBXBuildFile; fileRef = 7A2C481C235A2B87005BA31D /* LaunchScreen.storyboard */; };
		7A551B29235DD809001EA7DC /* NetworkService.swift in Sources */ = {isa = PBXBuildFile; fileRef = 7A551B28235DD809001EA7DC /* NetworkService.swift */; };
		7A551B2B235DD842001EA7DC /* SearchResponse.swift in Sources */ = {isa = PBXBuildFile; fileRef = 7A551B2A235DD842001EA7DC /* SearchResponse.swift */; };
/* End PBXBuildFile section */

/* Begin PBXFileReference section */
		7A2C480E235A2B86005BA31D /* NewsDemoJSON.app */ = {isa = PBXFileReference; explicitFileType = wrapper.application; includeInIndex = 0; path = NewsDemoJSON.app; sourceTree = BUILT_PRODUCTS_DIR; };
		7A2C4811235A2B86005BA31D /* AppDelegate.swift */ = {isa = PBXFileReference; lastKnownFileType = sourcecode.swift; path = AppDelegate.swift; sourceTree = "<group>"; };
		7A2C4813235A2B86005BA31D /* SceneDelegate.swift */ = {isa = PBXFileReference; lastKnownFileType = sourcecode.swift; path = SceneDelegate.swift; sourceTree = "<group>"; };
		7A2C4815235A2B86005BA31D /* ViewController.swift */ = {isa = PBXFileReference; lastKnownFileType = sourcecode.swift; path = ViewController.swift; sourceTree = "<group>"; };
		7A2C4818235A2B86005BA31D /* Base */ = {isa = PBXFileReference; lastKnownFileType = file.storyboard; name = Base; path = Base.lproj/Main.storyboard; sourceTree = "<group>"; };
		7A2C481A235A2B87005BA31D /* Assets.xcassets */ = {isa = PBXFileReference; lastKnownFileType = folder.assetcatalog; path = Assets.xcassets; sourceTree = "<group>"; };
		7A2C481D235A2B87005BA31D /* Base */ = {isa = PBXFileReference; lastKnownFileType = file.storyboard; name = Base; path = Base.lproj/LaunchScreen.storyboard; sourceTree = "<group>"; };
		7A2C481F235A2B87005BA31D /* Info.plist */ = {isa = PBXFileReference; lastKnownFileType = text.plist.xml; path = Info.plist; sourceTree = "<group>"; };
		7A551B28235DD809001EA7DC /* NetworkService.swift */ = {isa = PBXFileReference; lastKnownFileType = sourcecode.swift; path = NetworkService.swift; sourceTree = "<group>"; };
		7A551B2A235DD842001EA7DC /* SearchResponse.swift */ = {isa = PBXFileReference; lastKnownFileType = sourcecode.swift; path = SearchResponse.swift; sourceTree = "<group>"; };
/* End PBXFileReference section */

/* Begin PBXFrameworksBuildPhase section */
		7A2C480B235A2B86005BA31D /* Frameworks */ = {
			isa = PBXFrameworksBuildPhase;
			buildActionMask = 2147483647;
			files = (
			);
			runOnlyForDeploymentPostprocessing = 0;
		};
/* End PBXFrameworksBuildPhase section */

/* Begin PBXGroup section */
		7A2C4805235A2B86005BA31D = {
			isa = PBXGroup;
			children = (
				7A2C4810235A2B86005BA31D /* NewsDemoJSON */,
				7A2C480F235A2B86005BA31D /* Products */,
			);
			sourceTree = "<group>";
		};
		7A2C480F235A2B86005BA31D /* Products */ = {
			isa = PBXGroup;
			children = (
				7A2C480E235A2B86005BA31D /* NewsDemoJSON.app */,
			);
			name = Products;
			sourceTree = "<group>";
		};
		7A2C4810235A2B86005BA31D /* NewsDemoJSON */ = {
			isa = PBXGroup;
			children = (
				7A2C4811235A2B86005BA31D /* AppDelegate.swift */,
				7A2C4813235A2B86005BA31D /* SceneDelegate.swift */,
				7A2C4815235A2B86005BA31D /* ViewController.swift */,
				7A551B26235DD51C001EA7DC /* Models */,
				7A551B27235DD530001EA7DC /* Networking */,
				7A2C4817235A2B86005BA31D /* Main.storyboard */,
				7A2C481A235A2B87005BA31D /* Assets.xcassets */,
				7A2C481C235A2B87005BA31D /* LaunchScreen.storyboard */,
				7A2C481F235A2B87005BA31D /* Info.plist */,
			);
			path = NewsDemoJSON;
			sourceTree = "<group>";
		};
		7A551B26235DD51C001EA7DC /* Models */ = {
			isa = PBXGroup;
			children = (
				7A551B2A235DD842001EA7DC /* SearchResponse.swift */,
			);
			path = Models;
			sourceTree = "<group>";
		};
		7A551B27235DD530001EA7DC /* Networking */ = {
			isa = PBXGroup;
			children = (
				7A551B28235DD809001EA7DC /* NetworkService.swift */,
			);
			path = Networking;
			sourceTree = "<group>";
		};
/* End PBXGroup section */

/* Begin PBXNativeTarget section */
		7A2C480D235A2B86005BA31D /* NewsDemoJSON */ = {
			isa = PBXNativeTarget;
			buildConfigurationList = 7A2C4822235A2B87005BA31D /* Build configuration list for PBXNativeTarget "NewsDemoJSON" */;
			buildPhases = (
				7A2C480A235A2B86005BA31D /* Sources */,
				7A2C480B235A2B86005BA31D /* Frameworks */,
				7A2C480C235A2B86005BA31D /* Resources */,
			);
			buildRules = (
			);
			dependencies = (
			);
			name = NewsDemoJSON;
			productName = NewsDemoJSON;
			productReference = 7A2C480E235A2B86005BA31D /* NewsDemoJSON.app */;
			productType = "com.apple.product-type.application";
		};
/* End PBXNativeTarget section */

/* Begin PBXProject section */
		7A2C4806235A2B86005BA31D /* Project object */ = {
			isa = PBXProject;
			attributes = {
				LastSwiftUpdateCheck = 1110;
				LastUpgradeCheck = 1110;
				ORGANIZATIONNAME = "Иван Новиков";
				TargetAttributes = {
					7A2C480D235A2B86005BA31D = {
						CreatedOnToolsVersion = 11.1;
					};
				};
			};
			buildConfigurationList = 7A2C4809235A2B86005BA31D /* Build configuration list for PBXProject "NewsDemoJSON" */;
			compatibilityVersion = "Xcode 9.3";
			developmentRegion = en;
			hasScannedForEncodings = 0;
			knownRegions = (
				en,
				Base,
			);
			mainGroup = 7A2C4805235A2B86005BA31D;
			productRefGroup = 7A2C480F235A2B86005BA31D /* Products */;
			projectDirPath = "";
			projectRoot = "";
			targets = (
				7A2C480D235A2B86005BA31D /* NewsDemoJSON */,
			);
		};
/* End PBXProject section */

/* Begin PBXResourcesBuildPhase section */
		7A2C480C235A2B86005BA31D /* Resources */ = {
			isa = PBXResourcesBuildPhase;
			buildActionMask = 2147483647;
			files = (
				7A2C481E235A2B87005BA31D /* LaunchScreen.storyboard in Resources */,
				7A2C481B235A2B87005BA31D /* Assets.xcassets in Resources */,
				7A2C4819235A2B86005BA31D /* Main.storyboard in Resources */,
			);
			runOnlyForDeploymentPostprocessing = 0;
		};
/* End PBXResourcesBuildPhase section */

/* Begin PBXSourcesBuildPhase section */
		7A2C480A235A2B86005BA31D /* Sources */ = {
			isa = PBXSourcesBuildPhase;
			buildActionMask = 2147483647;
			files = (
				7A551B29235DD809001EA7DC /* NetworkService.swift in Sources */,
				7A551B2B235DD842001EA7DC /* SearchResponse.swift in Sources */,
				7A2C4816235A2B86005BA31D /* ViewController.swift in Sources */,
				7A2C4812235A2B86005BA31D /* AppDelegate.swift in Sources */,
				7A2C4814235A2B86005BA31D /* SceneDelegate.swift in Sources */,
			);
			runOnlyForDeploymentPostprocessing = 0;
		};
/* End PBXSourcesBuildPhase section */

/* Begin PBXVariantGroup section */
		7A2C4817235A2B86005BA31D /* Main.storyboard */ = {
			isa = PBXVariantGroup;
			children = (
				7A2C4818235A2B86005BA31D /* Base */,
			);
			name = Main.storyboard;
			sourceTree = "<group>";
		};
		7A2C481C235A2B87005BA31D /* LaunchScreen.storyboard */ = {
			isa = PBXVariantGroup;
			children = (
				7A2C481D235A2B87005BA31D /* Base */,
			);
			name = LaunchScreen.storyboard;
			sourceTree = "<group>";
		};
/* End PBXVariantGroup section */

/* Begin XCBuildConfiguration section */
		7A2C4820235A2B87005BA31D /* Debug */ = {
			isa = XCBuildConfiguration;
			buildSettings = {
				ALWAYS_SEARCH_USER_PATHS = NO;
				CLANG_ANALYZER_NONNULL = YES;
				CLANG_ANALYZER_NUMBER_OBJECT_CONVERSION = YES_AGGRESSIVE;
				CLANG_CXX_LANGUAGE_STANDARD = "gnu++14";
				CLANG_CXX_LIBRARY = "libc++";
				CLANG_ENABLE_MODULES = YES;
				CLANG_ENABLE_OBJC_ARC = YES;
				CLANG_ENABLE_OBJC_WEAK = YES;
				CLANG_WARN_BLOCK_CAPTURE_AUTORELEASING = YES;
				CLANG_WARN_BOOL_CONVERSION = YES;
				CLANG_WARN_COMMA = YES;
				CLANG_WARN_CONSTANT_CONVERSION = YES;
				CLANG_WARN_DEPRECATED_OBJC_IMPLEMENTATIONS = YES;
				CLANG_WARN_DIRECT_OBJC_ISA_USAGE = YES_ERROR;
				CLANG_WARN_DOCUMENTATION_COMMENTS = YES;
				CLANG_WARN_EMPTY_BODY = YES;
				CLANG_WARN_ENUM_CONVERSION = YES;
				CLANG_WARN_INFINITE_RECURSION = YES;
				CLANG_WARN_INT_CONVERSION = YES;
				CLANG_WARN_NON_LITERAL_NULL_CONVERSION = YES;
				CLANG_WARN_OBJC_IMPLICIT_RETAIN_SELF = YES;
				CLANG_WARN_OBJC_LITERAL_CONVERSION = YES;
				CLANG_WARN_OBJC_ROOT_CLASS = YES_ERROR;
				CLANG_WARN_RANGE_LOOP_ANALYSIS = YES;
				CLANG_WARN_STRICT_PROTOTYPES = YES;
				CLANG_WARN_SUSPICIOUS_MOVE = YES;
				CLANG_WARN_UNGUARDED_AVAILABILITY = YES_AGGRESSIVE;
				CLANG_WARN_UNREACHABLE_CODE = YES;
				CLANG_WARN__DUPLICATE_METHOD_MATCH = YES;
				COPY_PHASE_STRIP = NO;
				DEBUG_INFORMATION_FORMAT = dwarf;
				ENABLE_STRICT_OBJC_MSGSEND = YES;
				ENABLE_TESTABILITY = YES;
				GCC_C_LANGUAGE_STANDARD = gnu11;
				GCC_DYNAMIC_NO_PIC = NO;
				GCC_NO_COMMON_BLOCKS = YES;
				GCC_OPTIMIZATION_LEVEL = 0;
				GCC_PREPROCESSOR_DEFINITIONS = (
					"DEBUG=1",
					"$(inherited)",
				);
				GCC_WARN_64_TO_32_BIT_CONVERSION = YES;
				GCC_WARN_ABOUT_RETURN_TYPE = YES_ERROR;
				GCC_WARN_UNDECLARED_SELECTOR = YES;
				GCC_WARN_UNINITIALIZED_AUTOS = YES_AGGRESSIVE;
				GCC_WARN_UNUSED_FUNCTION = YES;
				GCC_WARN_UNUSED_VARIABLE = YES;
				IPHONEOS_DEPLOYMENT_TARGET = 13.1;
				MTL_ENABLE_DEBUG_INFO = INCLUDE_SOURCE;
				MTL_FAST_MATH = YES;
				ONLY_ACTIVE_ARCH = YES;
				SDKROOT = iphoneos;
				SWIFT_ACTIVE_COMPILATION_CONDITIONS = DEBUG;
				SWIFT_OPTIMIZATION_LEVEL = "-Onone";
			};
			name = Debug;
		};
		7A2C4821235A2B87005BA31D /* Release */ = {
			isa = XCBuildConfiguration;
			buildSettings = {
				ALWAYS_SEARCH_USER_PATHS = NO;
				CLANG_ANALYZER_NONNULL = YES;
				CLANG_ANALYZER_NUMBER_OBJECT_CONVERSION = YES_AGGRESSIVE;
				CLANG_CXX_LANGUAGE_STANDARD = "gnu++14";
				CLANG_CXX_LIBRARY = "libc++";
				CLANG_ENABLE_MODULES = YES;
				CLANG_ENABLE_OBJC_ARC = YES;
				CLANG_ENABLE_OBJC_WEAK = YES;
				CLANG_WARN_BLOCK_CAPTURE_AUTORELEASING = YES;
				CLANG_WARN_BOOL_CONVERSION = YES;
				CLANG_WARN_COMMA = YES;
				CLANG_WARN_CONSTANT_CONVERSION = YES;
				CLANG_WARN_DEPRECATED_OBJC_IMPLEMENTATIONS = YES;
				CLANG_WARN_DIRECT_OBJC_ISA_USAGE = YES_ERROR;
				CLANG_WARN_DOCUMENTATION_COMMENTS = YES;
				CLANG_WARN_EMPTY_BODY = YES;
				CLANG_WARN_ENUM_CONVERSION = YES;
				CLANG_WARN_INFINITE_RECURSION = YES;
				CLANG_WARN_INT_CONVERSION = YES;
				CLANG_WARN_NON_LITERAL_NULL_CONVERSION = YES;
				CLANG_WARN_OBJC_IMPLICIT_RETAIN_SELF = YES;
				CLANG_WARN_OBJC_LITERAL_CONVERSION = YES;
				CLANG_WARN_OBJC_ROOT_CLASS = YES_ERROR;
				CLANG_WARN_RANGE_LOOP_ANALYSIS = YES;
				CLANG_WARN_STRICT_PROTOTYPES = YES;
				CLANG_WARN_SUSPICIOUS_MOVE = YES;
				CLANG_WARN_UNGUARDED_AVAILABILITY = YES_AGGRESSIVE;
				CLANG_WARN_UNREACHABLE_CODE = YES;
				CLANG_WARN__DUPLICATE_METHOD_MATCH = YES;
				COPY_PHASE_STRIP = NO;
				DEBUG_INFORMATION_FORMAT = "dwarf-with-dsym";
				ENABLE_NS_ASSERTIONS = NO;
				ENABLE_STRICT_OBJC_MSGSEND = YES;
				GCC_C_LANGUAGE_STANDARD = gnu11;
				GCC_NO_COMMON_BLOCKS = YES;
				GCC_WARN_64_TO_32_BIT_CONVERSION = YES;
				GCC_WARN_ABOUT_RETURN_TYPE = YES_ERROR;
				GCC_WARN_UNDECLARED_SELECTOR = YES;
				GCC_WARN_UNINITIALIZED_AUTOS = YES_AGGRESSIVE;
				GCC_WARN_UNUSED_FUNCTION = YES;
				GCC_WARN_UNUSED_VARIABLE = YES;
				IPHONEOS_DEPLOYMENT_TARGET = 13.1;
				MTL_ENABLE_DEBUG_INFO = NO;
				MTL_FAST_MATH = YES;
				SDKROOT = iphoneos;
				SWIFT_COMPILATION_MODE = wholemodule;
				SWIFT_OPTIMIZATION_LEVEL = "-O";
				VALIDATE_PRODUCT = YES;
			};
			name = Release;
		};
		7A2C4823235A2B87005BA31D /* Debug */ = {
			isa = XCBuildConfiguration;
			buildSettings = {
				ASSETCATALOG_COMPILER_APPICON_NAME = AppIcon;
				CODE_SIGN_STYLE = Automatic;
				DEVELOPMENT_TEAM = UZ9B688XF5;
				INFOPLIST_FILE = NewsDemoJSON/Info.plist;
				LD_RUNPATH_SEARCH_PATHS = (
					"$(inherited)",
					"@executable_path/Frameworks",
				);
				PRODUCT_BUNDLE_IDENTIFIER = IN.NewsDemoJSON;
				PRODUCT_NAME = "$(TARGET_NAME)";
				SWIFT_VERSION = 5.0;
				TARGETED_DEVICE_FAMILY = "1,2";
			};
			name = Debug;
		};
		7A2C4824235A2B87005BA31D /* Release */ = {
			isa = XCBuildConfiguration;
			buildSettings = {
				ASSETCATALOG_COMPILER_APPICON_NAME = AppIcon;
				CODE_SIGN_STYLE = Automatic;
				DEVELOPMENT_TEAM = UZ9B688XF5;
				INFOPLIST_FILE = NewsDemoJSON/Info.plist;
				LD_RUNPATH_SEARCH_PATHS = (
					"$(inherited)",
					"@executable_path/Frameworks",
				);
				PRODUCT_BUNDLE_IDENTIFIER = IN.NewsDemoJSON;
				PRODUCT_NAME = "$(TARGET_NAME)";
				SWIFT_VERSION = 5.0;
				TARGETED_DEVICE_FAMILY = "1,2";
			};
			name = Release;
		};
/* End XCBuildConfiguration section */

/* Begin XCConfigurationList section */
		7A2C4809235A2B86005BA31D /* Build configuration list for PBXProject "NewsDemoJSON" */ = {
			isa = XCConfigurationList;
			buildConfigurations = (
				7A2C4820235A2B87005BA31D /* Debug */,
				7A2C4821235A2B87005BA31D /* Release */,
			);
			defaultConfigurationIsVisible = 0;
			defaultConfigurationName = Release;
		};
		7A2C4822235A2B87005BA31D /* Build configuration list for PBXNativeTarget "NewsDemoJSON" */ = {
			isa = XCConfigurationList;
			buildConfigurations = (
				7A2C4823235A2B87005BA31D /* Debug */,
				7A2C4824235A2B87005BA31D /* Release */,
			);
			defaultConfigurationIsVisible = 0;
			defaultConfigurationName = Release;
		};
/* End XCConfigurationList section */
	};
	rootObject = 7A2C4806235A2B86005BA31D /* Project object */;
}
